
Microsoft Visual Studio Solution File, Format Version 12.00
# Visual Studio Version 17
VisualStudioVersion = 17.5.33414.496
MinimumVisualStudioVersion = 10.0.40219.1
Project("{2150E333-8FDC-42A3-9474-1A3956D46DE8}") = "Performance", "Performance", "{DCA1731F-2C26-40A9-87E5-247F3A30D4CE}"
EndProject
Project("{2150E333-8FDC-42A3-9474-1A3956D46DE8}") = "C#", "C#", "{A9756AC7-5794-4122-8CD4-EA27917AC914}"
EndProject
Project("{2150E333-8FDC-42A3-9474-1A3956D46DE8}") = "8", "8", "{20D33242-13C2-4D72-A19A-FD67D32E97CD}"
EndProject
Project("{9A19103F-16F7-4668-BE54-9A1E7A4F7556}") = "John.Random", "John.Random\John.Random.csproj", "{407198C8-0DDD-4400-98D1-D7CD5CE7CC69}"
EndProject
Project("{2150E333-8FDC-42A3-9474-1A3956D46DE8}") = "7", "7", "{E6713D40-0290-4540-B95E-23A8B30A856D}"
EndProject
Project("{9A19103F-16F7-4668-BE54-9A1E7A4F7556}") = "John.TypedId", "John.TypedId\John.TypedId.csproj", "{6EEAEF42-FC73-45C0-AE02-3A67FE41B9BF}"
EndProject
Project("{2150E333-8FDC-42A3-9474-1A3956D46DE8}") = "Nuget", "Nuget", "{0E4DC26C-0E24-419F-A8F8-73D7C7172263}"
EndProject
Project("{9A19103F-16F7-4668-BE54-9A1E7A4F7556}") = "John.Cocona", "John.Cocona\John.Cocona.csproj", "{A274F8B2-6F46-417F-A92A-387E862C757A}"
EndProject
Project("{9A19103F-16F7-4668-BE54-9A1E7A4F7556}") = "John.Testcontainers", "John.Testcontainers\John.Testcontainers.csproj", "{6CF57429-3EFD-4114-8EB2-DE41ACCA64D6}"
EndProject
Project("{9A19103F-16F7-4668-BE54-9A1E7A4F7556}") = "John.RegExtract", "John.RegExtract\John.RegExtract.csproj", "{011C5281-459C-4FE3-A504-7524C720BCAE}"
EndProject
Project("{9A19103F-16F7-4668-BE54-9A1E7A4F7556}") = "John.NBomber", "John.NBomber\John.NBomber.csproj", "{BC32B51D-46DA-467D-A202-10CC94D939EF}"
EndProject
Project("{9A19103F-16F7-4668-BE54-9A1E7A4F7556}") = "John.Verify", "John.Verify\John.Verify.csproj", "{0391BA3F-CF4F-44D4-A9D1-1AABD81ED151}"
EndProject
Project("{9A19103F-16F7-4668-BE54-9A1E7A4F7556}") = "John.Cupboard", "John.Cupboard\John.Cupboard.csproj", "{4B03AB78-578A-423F-83C8-26BFB9B8B972}"
EndProject
Project("{9A19103F-16F7-4668-BE54-9A1E7A4F7556}") = "John.NullCheck", "John.NullCheck\John.NullCheck.csproj", "{9E7D2B33-7A83-40F2-95B5-DB69F397A1F0}"
EndProject
Project("{9A19103F-16F7-4668-BE54-9A1E7A4F7556}") = "John.OneOf", "John.OneOf\John.OneOf.csproj", "{F0499CA0-8DCD-4860-875F-D2328FBB234B}"
EndProject
Project("{9A19103F-16F7-4668-BE54-9A1E7A4F7556}") = "John.BenDemystifier", "John.BenDemystifier\John.BenDemystifier.csproj", "{DC42C11D-4856-4ECD-9791-58ECFBDA3762}"
EndProject
Project("{9A19103F-16F7-4668-BE54-9A1E7A4F7556}") = "John.ImplicitAndExplicitOperator", "John.ImplicitAndExplicitOperator\John.ImplicitAndExplicitOperator.csproj", "{8E8DCFE9-FDCB-4378-A06B-902DE9C4E68B}"
EndProject
Project("{9A19103F-16F7-4668-BE54-9A1E7A4F7556}") = "John.Mapster", "John.Mapster\John.Mapster.csproj", "{1CD3B12A-9336-4708-A670-13F04C469367}"
EndProject
Project("{9A19103F-16F7-4668-BE54-9A1E7A4F7556}") = "John.PriorityQueue", "John.PriorityQueue\John.PriorityQueue.csproj", "{0F3DCA4A-02A7-47D9-A708-1C62BE620FDD}"
EndProject
Project("{9A19103F-16F7-4668-BE54-9A1E7A4F7556}") = "John.Reflection", "John.Reflection\John.Reflection.csproj", "{0307408C-1C77-4374-BFCA-28577245905C}"
EndProject
Project("{9A19103F-16F7-4668-BE54-9A1E7A4F7556}") = "John.Span", "John.Span\John.Span.csproj", "{52BFBAF0-CAD9-43AA-8A6A-2532310167D4}"
EndProject
Project("{9A19103F-16F7-4668-BE54-9A1E7A4F7556}") = "John.Ref", "John.Ref\John.Ref.csproj", "{C2CB46DC-0C7D-43D2-805F-F8B1000990EF}"
EndProject
Project("{9A19103F-16F7-4668-BE54-9A1E7A4F7556}") = "John.MethodTImer.Fody", "John.MethodTImer.Fody\John.MethodTImer.Fody.csproj", "{669532B2-4012-4378-A369-F55448E22DAD}"
EndProject
Project("{FAE04EC0-301F-11D3-BF4B-00C04F79EFBC}") = "John.Humanizer", "John.Humanizer\John.Humanizer.csproj", "{440B9431-068D-484C-AE98-7BFE5545BB7E}"
EndProject
Global
	GlobalSection(SolutionConfigurationPlatforms) = preSolution
		Debug|Any CPU = Debug|Any CPU
		Release|Any CPU = Release|Any CPU
	EndGlobalSection
	GlobalSection(ProjectConfigurationPlatforms) = postSolution
		{407198C8-0DDD-4400-98D1-D7CD5CE7CC69}.Debug|Any CPU.ActiveCfg = Debug|Any CPU
		{407198C8-0DDD-4400-98D1-D7CD5CE7CC69}.Debug|Any CPU.Build.0 = Debug|Any CPU
		{407198C8-0DDD-4400-98D1-D7CD5CE7CC69}.Release|Any CPU.ActiveCfg = Release|Any CPU
		{407198C8-0DDD-4400-98D1-D7CD5CE7CC69}.Release|Any CPU.Build.0 = Release|Any CPU
		{6EEAEF42-FC73-45C0-AE02-3A67FE41B9BF}.Debug|Any CPU.ActiveCfg = Debug|Any CPU
		{6EEAEF42-FC73-45C0-AE02-3A67FE41B9BF}.Debug|Any CPU.Build.0 = Debug|Any CPU
		{6EEAEF42-FC73-45C0-AE02-3A67FE41B9BF}.Release|Any CPU.ActiveCfg = Release|Any CPU
		{6EEAEF42-FC73-45C0-AE02-3A67FE41B9BF}.Release|Any CPU.Build.0 = Release|Any CPU
		{A274F8B2-6F46-417F-A92A-387E862C757A}.Debug|Any CPU.ActiveCfg = Debug|Any CPU
		{A274F8B2-6F46-417F-A92A-387E862C757A}.Debug|Any CPU.Build.0 = Debug|Any CPU
		{A274F8B2-6F46-417F-A92A-387E862C757A}.Release|Any CPU.ActiveCfg = Release|Any CPU
		{A274F8B2-6F46-417F-A92A-387E862C757A}.Release|Any CPU.Build.0 = Release|Any CPU
		{6CF57429-3EFD-4114-8EB2-DE41ACCA64D6}.Debug|Any CPU.ActiveCfg = Debug|Any CPU
		{6CF57429-3EFD-4114-8EB2-DE41ACCA64D6}.Debug|Any CPU.Build.0 = Debug|Any CPU
		{6CF57429-3EFD-4114-8EB2-DE41ACCA64D6}.Release|Any CPU.ActiveCfg = Release|Any CPU
		{6CF57429-3EFD-4114-8EB2-DE41ACCA64D6}.Release|Any CPU.Build.0 = Release|Any CPU
		{011C5281-459C-4FE3-A504-7524C720BCAE}.Debug|Any CPU.ActiveCfg = Debug|Any CPU
		{011C5281-459C-4FE3-A504-7524C720BCAE}.Debug|Any CPU.Build.0 = Debug|Any CPU
		{011C5281-459C-4FE3-A504-7524C720BCAE}.Release|Any CPU.ActiveCfg = Release|Any CPU
		{011C5281-459C-4FE3-A504-7524C720BCAE}.Release|Any CPU.Build.0 = Release|Any CPU
		{BC32B51D-46DA-467D-A202-10CC94D939EF}.Debug|Any CPU.ActiveCfg = Debug|Any CPU
		{BC32B51D-46DA-467D-A202-10CC94D939EF}.Debug|Any CPU.Build.0 = Debug|Any CPU
		{BC32B51D-46DA-467D-A202-10CC94D939EF}.Release|Any CPU.ActiveCfg = Release|Any CPU
		{BC32B51D-46DA-467D-A202-10CC94D939EF}.Release|Any CPU.Build.0 = Release|Any CPU
		{0391BA3F-CF4F-44D4-A9D1-1AABD81ED151}.Debug|Any CPU.ActiveCfg = Debug|Any CPU
		{0391BA3F-CF4F-44D4-A9D1-1AABD81ED151}.Debug|Any CPU.Build.0 = Debug|Any CPU
		{0391BA3F-CF4F-44D4-A9D1-1AABD81ED151}.Release|Any CPU.ActiveCfg = Release|Any CPU
		{0391BA3F-CF4F-44D4-A9D1-1AABD81ED151}.Release|Any CPU.Build.0 = Release|Any CPU
		{4B03AB78-578A-423F-83C8-26BFB9B8B972}.Debug|Any CPU.ActiveCfg = Debug|Any CPU
		{4B03AB78-578A-423F-83C8-26BFB9B8B972}.Debug|Any CPU.Build.0 = Debug|Any CPU
		{4B03AB78-578A-423F-83C8-26BFB9B8B972}.Release|Any CPU.ActiveCfg = Release|Any CPU
		{4B03AB78-578A-423F-83C8-26BFB9B8B972}.Release|Any CPU.Build.0 = Release|Any CPU
		{9E7D2B33-7A83-40F2-95B5-DB69F397A1F0}.Debug|Any CPU.ActiveCfg = Debug|Any CPU
		{9E7D2B33-7A83-40F2-95B5-DB69F397A1F0}.Debug|Any CPU.Build.0 = Debug|Any CPU
		{9E7D2B33-7A83-40F2-95B5-DB69F397A1F0}.Release|Any CPU.ActiveCfg = Release|Any CPU
		{9E7D2B33-7A83-40F2-95B5-DB69F397A1F0}.Release|Any CPU.Build.0 = Release|Any CPU
		{F0499CA0-8DCD-4860-875F-D2328FBB234B}.Debug|Any CPU.ActiveCfg = Debug|Any CPU
		{F0499CA0-8DCD-4860-875F-D2328FBB234B}.Debug|Any CPU.Build.0 = Debug|Any CPU
		{F0499CA0-8DCD-4860-875F-D2328FBB234B}.Release|Any CPU.ActiveCfg = Release|Any CPU
		{F0499CA0-8DCD-4860-875F-D2328FBB234B}.Release|Any CPU.Build.0 = Release|Any CPU
		{DC42C11D-4856-4ECD-9791-58ECFBDA3762}.Debug|Any CPU.ActiveCfg = Debug|Any CPU
		{DC42C11D-4856-4ECD-9791-58ECFBDA3762}.Debug|Any CPU.Build.0 = Debug|Any CPU
		{DC42C11D-4856-4ECD-9791-58ECFBDA3762}.Release|Any CPU.ActiveCfg = Release|Any CPU
		{DC42C11D-4856-4ECD-9791-58ECFBDA3762}.Release|Any CPU.Build.0 = Release|Any CPU
		{8E8DCFE9-FDCB-4378-A06B-902DE9C4E68B}.Debug|Any CPU.ActiveCfg = Debug|Any CPU
		{8E8DCFE9-FDCB-4378-A06B-902DE9C4E68B}.Debug|Any CPU.Build.0 = Debug|Any CPU
		{8E8DCFE9-FDCB-4378-A06B-902DE9C4E68B}.Release|Any CPU.ActiveCfg = Release|Any CPU
		{8E8DCFE9-FDCB-4378-A06B-902DE9C4E68B}.Release|Any CPU.Build.0 = Release|Any CPU
		{1CD3B12A-9336-4708-A670-13F04C469367}.Debug|Any CPU.ActiveCfg = Debug|Any CPU
		{1CD3B12A-9336-4708-A670-13F04C469367}.Debug|Any CPU.Build.0 = Debug|Any CPU
		{1CD3B12A-9336-4708-A670-13F04C469367}.Release|Any CPU.ActiveCfg = Release|Any CPU
		{1CD3B12A-9336-4708-A670-13F04C469367}.Release|Any CPU.Build.0 = Release|Any CPU
		{0F3DCA4A-02A7-47D9-A708-1C62BE620FDD}.Debug|Any CPU.ActiveCfg = Debug|Any CPU
		{0F3DCA4A-02A7-47D9-A708-1C62BE620FDD}.Debug|Any CPU.Build.0 = Debug|Any CPU
		{0F3DCA4A-02A7-47D9-A708-1C62BE620FDD}.Release|Any CPU.ActiveCfg = Release|Any CPU
		{0F3DCA4A-02A7-47D9-A708-1C62BE620FDD}.Release|Any CPU.Build.0 = Release|Any CPU
		{0307408C-1C77-4374-BFCA-28577245905C}.Debug|Any CPU.ActiveCfg = Debug|Any CPU
		{0307408C-1C77-4374-BFCA-28577245905C}.Debug|Any CPU.Build.0 = Debug|Any CPU
		{0307408C-1C77-4374-BFCA-28577245905C}.Release|Any CPU.ActiveCfg = Release|Any CPU
		{0307408C-1C77-4374-BFCA-28577245905C}.Release|Any CPU.Build.0 = Release|Any CPU
		{52BFBAF0-CAD9-43AA-8A6A-2532310167D4}.Debug|Any CPU.ActiveCfg = Debug|Any CPU
		{52BFBAF0-CAD9-43AA-8A6A-2532310167D4}.Debug|Any CPU.Build.0 = Debug|Any CPU
		{52BFBAF0-CAD9-43AA-8A6A-2532310167D4}.Release|Any CPU.ActiveCfg = Release|Any CPU
		{52BFBAF0-CAD9-43AA-8A6A-2532310167D4}.Release|Any CPU.Build.0 = Release|Any CPU
		{C2CB46DC-0C7D-43D2-805F-F8B1000990EF}.Debug|Any CPU.ActiveCfg = Debug|Any CPU
		{C2CB46DC-0C7D-43D2-805F-F8B1000990EF}.Debug|Any CPU.Build.0 = Debug|Any CPU
		{C2CB46DC-0C7D-43D2-805F-F8B1000990EF}.Release|Any CPU.ActiveCfg = Release|Any CPU
		{C2CB46DC-0C7D-43D2-805F-F8B1000990EF}.Release|Any CPU.Build.0 = Release|Any CPU
		{669532B2-4012-4378-A369-F55448E22DAD}.Debug|Any CPU.ActiveCfg = Debug|Any CPU
		{669532B2-4012-4378-A369-F55448E22DAD}.Debug|Any CPU.Build.0 = Debug|Any CPU
		{669532B2-4012-4378-A369-F55448E22DAD}.Release|Any CPU.ActiveCfg = Release|Any CPU
		{669532B2-4012-4378-A369-F55448E22DAD}.Release|Any CPU.Build.0 = Release|Any CPU
		{440B9431-068D-484C-AE98-7BFE5545BB7E}.Debug|Any CPU.ActiveCfg = Debug|Any CPU
		{440B9431-068D-484C-AE98-7BFE5545BB7E}.Debug|Any CPU.Build.0 = Debug|Any CPU
		{440B9431-068D-484C-AE98-7BFE5545BB7E}.Release|Any CPU.ActiveCfg = Release|Any CPU
		{440B9431-068D-484C-AE98-7BFE5545BB7E}.Release|Any CPU.Build.0 = Release|Any CPU
	EndGlobalSection
	GlobalSection(SolutionProperties) = preSolution
		HideSolutionNode = FALSE
	EndGlobalSection
	GlobalSection(NestedProjects) = preSolution
		{20D33242-13C2-4D72-A19A-FD67D32E97CD} = {A9756AC7-5794-4122-8CD4-EA27917AC914}
		{407198C8-0DDD-4400-98D1-D7CD5CE7CC69} = {20D33242-13C2-4D72-A19A-FD67D32E97CD}
		{E6713D40-0290-4540-B95E-23A8B30A856D} = {A9756AC7-5794-4122-8CD4-EA27917AC914}
		{6EEAEF42-FC73-45C0-AE02-3A67FE41B9BF} = {0E4DC26C-0E24-419F-A8F8-73D7C7172263}
		{A274F8B2-6F46-417F-A92A-387E862C757A} = {0E4DC26C-0E24-419F-A8F8-73D7C7172263}
		{6CF57429-3EFD-4114-8EB2-DE41ACCA64D6} = {0E4DC26C-0E24-419F-A8F8-73D7C7172263}
		{011C5281-459C-4FE3-A504-7524C720BCAE} = {0E4DC26C-0E24-419F-A8F8-73D7C7172263}
		{BC32B51D-46DA-467D-A202-10CC94D939EF} = {0E4DC26C-0E24-419F-A8F8-73D7C7172263}
		{0391BA3F-CF4F-44D4-A9D1-1AABD81ED151} = {0E4DC26C-0E24-419F-A8F8-73D7C7172263}
		{4B03AB78-578A-423F-83C8-26BFB9B8B972} = {0E4DC26C-0E24-419F-A8F8-73D7C7172263}
		{9E7D2B33-7A83-40F2-95B5-DB69F397A1F0} = {A9756AC7-5794-4122-8CD4-EA27917AC914}
		{F0499CA0-8DCD-4860-875F-D2328FBB234B} = {0E4DC26C-0E24-419F-A8F8-73D7C7172263}
		{DC42C11D-4856-4ECD-9791-58ECFBDA3762} = {0E4DC26C-0E24-419F-A8F8-73D7C7172263}
		{8E8DCFE9-FDCB-4378-A06B-902DE9C4E68B} = {A9756AC7-5794-4122-8CD4-EA27917AC914}
		{1CD3B12A-9336-4708-A670-13F04C469367} = {0E4DC26C-0E24-419F-A8F8-73D7C7172263}
		{0F3DCA4A-02A7-47D9-A708-1C62BE620FDD} = {A9756AC7-5794-4122-8CD4-EA27917AC914}
		{0307408C-1C77-4374-BFCA-28577245905C} = {DCA1731F-2C26-40A9-87E5-247F3A30D4CE}
		{52BFBAF0-CAD9-43AA-8A6A-2532310167D4} = {DCA1731F-2C26-40A9-87E5-247F3A30D4CE}
		{C2CB46DC-0C7D-43D2-805F-F8B1000990EF} = {A9756AC7-5794-4122-8CD4-EA27917AC914}
		{669532B2-4012-4378-A369-F55448E22DAD} = {0E4DC26C-0E24-419F-A8F8-73D7C7172263}
		{440B9431-068D-484C-AE98-7BFE5545BB7E} = {0E4DC26C-0E24-419F-A8F8-73D7C7172263}
	EndGlobalSection
	GlobalSection(ExtensibilityGlobals) = postSolution
		SolutionGuid = {4A169F98-AF3D-41C2-86AA-956352BF2D93}
	EndGlobalSection
EndGlobal
